
Microsoft Visual Studio Solution File, Format Version 12.00
# Visual Studio Version 17
VisualStudioVersion = 17.5.002.0
MinimumVisualStudioVersion = 10.0.40219.1
Project("{9A19103F-16F7-4668-BE54-9A1E7A4F7556}") = "Examples001", "Examples001.csproj", "{375E8505-21F3-4344-8ECE-7F7C8F20B17C}"
EndProject
Global
	GlobalSection(SolutionConfigurationPlatforms) = preSolution
		Debug|Any CPU = Debug|Any CPU
		Release|Any CPU = Release|Any CPU
	EndGlobalSection
	GlobalSection(ProjectConfigurationPlatforms) = postSolution
		{375E8505-21F3-4344-8ECE-7F7C8F20B17C}.Debug|Any CPU.ActiveCfg = Debug|Any CPU
		{375E8505-21F3-4344-8ECE-7F7C8F20B17C}.Debug|Any CPU.Build.0 = Debug|Any CPU
		{375E8505-21F3-4344-8ECE-7F7C8F20B17C}.Release|Any CPU.ActiveCfg = Release|Any CPU
		{375E8505-21F3-4344-8ECE-7F7C8F20B17C}.Release|Any CPU.Build.0 = Release|Any CPU
	EndGlobalSection
	GlobalSection(SolutionProperties) = preSolution
		HideSolutionNode = FALSE
	EndGlobalSection
	GlobalSection(ExtensibilityGlobals) = postSolution
		SolutionGuid = {A3C36FA2-F1F3-457B-AC29-C83EFD084A7C}
	EndGlobalSection
EndGlobal
